{
   "name": "brown_bear",
   "requires": true,
   "lockfileVersion": 1,
   "dependencies": {
      "@types/node": {
         "version": "14.0.23",
         "resolved": "https://registry.npmjs.org/@types/node/-/node-14.0.23.tgz",
         "integrity": "sha512-Z4U8yDAl5TFkmYsZdFPdjeMa57NOvnaf1tljHzhouaPEp7LCj2JKkejpI1ODviIAQuW4CcQmxkQ77rnLsOOoKw=="
      },
      "bindings": {
         "version": "1.5.0",
         "resolved": "https://registry.npmjs.org/bindings/-/bindings-1.5.0.tgz",
         "integrity": "sha512-p2q/t/mhvuOj/UeLlV6566GD/guowlr0hHxClI0W9m7MWYkL1F0hLo+0Aexs9HSPCtR1SXQ0TD3MMKrXZajbiQ==",
         "requires": {
            "file-uri-to-path": "1.0.0"
         }
      },
      "bufferutil": {
         "version": "4.0.1",
         "resolved": "https://registry.npmjs.org/bufferutil/-/bufferutil-4.0.1.tgz",
         "integrity": "sha512-xowrxvpxojqkagPcWRQVXZl0YXhRhAtBEIq3VoER1NH5Mw1n1o0ojdspp+GS2J//2gCVyrzQDApQ4unGF+QOoA==",
         "requires": {
            "node-gyp-build": "~3.7.0"
         }
      },
      "eris": {
         "version": "0.13.3",
         "resolved": "https://registry.npmjs.org/eris/-/eris-0.13.3.tgz",
         "integrity": "sha512-WBtLyknOWZpYZL9yPhez0oKUWvYpunSg43hGxawwjwSf3gFXmbEPYrT8KlmZXtpJnX16eQ7mzIq+MgSh3LarEg==",
         "requires": {
            "opusscript": "^0.0.7",
            "tweetnacl": "^1.0.1",
            "ws": "^7.2.1"
         }
      },
      "erlpack": {
         "version": "github:abalabahaha/erlpack#5d0064f9e106841e1eead711a6451f99b0d289fd",
         "from": "github:abalabahaha/erlpack",
         "requires": {
            "bindings": "^1.5.0",
            "nan": "^2.14.0"
         }
      },
      "file-uri-to-path": {
         "version": "1.0.0",
         "resolved": "https://registry.npmjs.org/file-uri-to-path/-/file-uri-to-path-1.0.0.tgz",
         "integrity": "sha512-0Zt+s3L7Vf1biwWZ29aARiVYLx7iMGnEUl9x33fbB/j3jR81u/O2LbqK+Bm1CDSNDKVtJ/YjwY7TUd5SkeLQLw=="
      },
      "is-docker": {
         "version": "2.0.0",
         "resolved": "https://registry.npmjs.org/is-docker/-/is-docker-2.0.0.tgz",
         "integrity": "sha512-pJEdRugimx4fBMra5z2/5iRdZ63OhYV0vr0Dwm5+xtW4D1FvRkB8hamMIhnWfyJeDdyr/aa7BDyNbtG38VxgoQ=="
      },
      "is-wsl": {
         "version": "2.2.0",
         "resolved": "https://registry.npmjs.org/is-wsl/-/is-wsl-2.2.0.tgz",
         "integrity": "sha512-fKzAra0rGJUUBwGBgNkHZuToZcn+TtXHpeCgmkMJMMYx1sQDYaCSyjJBSCa2nH1DGm7s3n1oBnohoVTBaN7Lww==",
         "requires": {
            "is-docker": "^2.0.0"
         }
      },
      "nan": {
         "version": "2.14.1",
         "resolved": "https://registry.npmjs.org/nan/-/nan-2.14.1.tgz",
         "integrity": "sha512-isWHgVjnFjh2x2yuJ/tj3JbwoHu3UC2dX5G/88Cm24yB6YopVgxvBObDY7n5xW6ExmFhJpSEQqFPvq9zaXc8Jw=="
      },
      "node-gyp-build": {
         "version": "3.7.0",
         "resolved": "https://registry.npmjs.org/node-gyp-build/-/node-gyp-build-3.7.0.tgz",
         "integrity": "sha512-L/Eg02Epx6Si2NXmedx+Okg+4UHqmaf3TNcxd50SF9NQGcJaON3AtU++kax69XV7YWz4tUspqZSAsVofhFKG2w=="
      },
      "open": {
         "version": "7.0.4",
         "resolved": "https://registry.npmjs.org/open/-/open-7.0.4.tgz",
         "integrity": "sha512-brSA+/yq+b08Hsr4c8fsEW2CRzk1BmfN3SAK/5VCHQ9bdoZJ4qa/+AfR0xHjlbbZUyPkUHs1b8x1RqdyZdkVqQ==",
         "requires": {
            "is-docker": "^2.0.0",
            "is-wsl": "^2.1.1"
         }
      },
      "opusscript": {
         "version": "0.0.7",
         "resolved": "https://registry.npmjs.org/opusscript/-/opusscript-0.0.7.tgz",
         "integrity": "sha512-DcBadTdYTUuH9zQtepsLjQn4Ll6rs3dmeFvN+SD0ThPnxRBRm/WC1zXWPg+wgAJimB784gdZvUMA57gDP7FdVg==",
         "optional": true
      },
      "ramda": {
         "version": "0.27.0",
         "resolved": "https://registry.npmjs.org/ramda/-/ramda-0.27.0.tgz",
         "integrity": "sha512-pVzZdDpWwWqEVVLshWUHjNwuVP7SfcmPraYuqocJp1yo2U1R7P+5QAfDhdItkuoGqIBnBYrtPp7rEPqDn9HlZA=="
      },
      "tweetnacl": {
         "version": "1.0.3",
         "resolved": "https://registry.npmjs.org/tweetnacl/-/tweetnacl-1.0.3.tgz",
         "integrity": "sha512-6rt+RN7aOi1nGMyC4Xa5DdYiukl2UWCbcJft7YhxReBGQD7OAM8Pbxw6YMo4r2diNEA8FEmu32YOn9rhaiE5yw==",
         "optional": true
      },
      "ws": {
         "version": "7.3.1",
         "resolved": "https://registry.npmjs.org/ws/-/ws-7.3.1.tgz",
         "integrity": "sha512-D3RuNkynyHmEJIpD2qrgVkc9DQ23OrN/moAwZX4L8DfvszsJxpjQuUq3LMx6HoYji9fbIOBY18XWBsAux1ZZUA=="
      },
      "zlib-sync": {
         "version": "0.1.7",
         "resolved": "https://registry.npmjs.org/zlib-sync/-/zlib-sync-0.1.7.tgz",
         "integrity": "sha512-UmciU6ZrIwtwPC8noMzq+kGMdiWwNRZ3wC0SbED4Ew5Ikqx14MqDPRs/Pbk+3rZPh5SzsOgUBs1WRE0iieddpg==",
         "requires": {
            "nan": "^2.14.0"
         }
      }
   }
}
